
Microsoft Visual Studio Solution File, Format Version 12.00
# Visual Studio Version 17
VisualStudioVersion = 17.9.34701.34
MinimumVisualStudioVersion = 10.0.40219.1
Project("{FAE04EC0-301F-11D3-BF4B-00C04F79EFBC}") = "Utils.Snow.Connector.Common", "Skyline.DataMiner.Snow.Connector.Common\Utils.Snow.Connector.Common.csproj", "{AE227CAC-4B04-4722-9A43-B6455E169AB3}"
EndProject
Global
	GlobalSection(SolutionConfigurationPlatforms) = preSolution
		Debug|Any CPU = Debug|Any CPU
		Release|Any CPU = Release|Any CPU
	EndGlobalSection
	GlobalSection(ProjectConfigurationPlatforms) = postSolution
		{AE227CAC-4B04-4722-9A43-B6455E169AB3}.Debug|Any CPU.ActiveCfg = Debug|Any CPU
		{AE227CAC-4B04-4722-9A43-B6455E169AB3}.Debug|Any CPU.Build.0 = Debug|Any CPU
		{AE227CAC-4B04-4722-9A43-B6455E169AB3}.Release|Any CPU.ActiveCfg = Release|Any CPU
		{AE227CAC-4B04-4722-9A43-B6455E169AB3}.Release|Any CPU.Build.0 = Release|Any CPU
	EndGlobalSection
	GlobalSection(SolutionProperties) = preSolution
		HideSolutionNode = FALSE
	EndGlobalSection
	GlobalSection(ExtensibilityGlobals) = postSolution
		SolutionGuid = {5CA5F3BF-35F7-4B7D-A032-9EECEF97C106}
	EndGlobalSection
EndGlobal
